// !$*UTF8*$!
{
	archiveVersion = 1;
	classes = {
	};
	objectVersion = 55;
	objects = {

/* Begin PBXBuildFile section */
		FA31DE3127BB5AE5009371BE /* AppDelegate.swift in Sources */ = {isa = PBXBuildFile; fileRef = FA31DE3027BB5AE5009371BE /* AppDelegate.swift */; };
		FA31DE3327BB5AE5009371BE /* SceneDelegate.swift in Sources */ = {isa = PBXBuildFile; fileRef = FA31DE3227BB5AE5009371BE /* SceneDelegate.swift */; };
		FA31DE3527BB5AE5009371BE /* ViewController.swift in Sources */ = {isa = PBXBuildFile; fileRef = FA31DE3427BB5AE5009371BE /* ViewController.swift */; };
		FA31DE3827BB5AE5009371BE /* Main.storyboard in Resources */ = {isa = PBXBuildFile; fileRef = FA31DE3627BB5AE5009371BE /* Main.storyboard */; };
		FA31DE3A27BB5AE7009371BE /* Assets.xcassets in Resources */ = {isa = PBXBuildFile; fileRef = FA31DE3927BB5AE7009371BE /* Assets.xcassets */; };
		FA31DE3D27BB5AE7009371BE /* LaunchScreen.storyboard in Resources */ = {isa = PBXBuildFile; fileRef = FA31DE3B27BB5AE7009371BE /* LaunchScreen.storyboard */; };
		FA31DE4527BB8FE9009371BE /* EntryViewController.swift in Sources */ = {isa = PBXBuildFile; fileRef = FA31DE4427BB8FE9009371BE /* EntryViewController.swift */; };
		FA31DE4727BB9041009371BE /* TaskViewController.swift in Sources */ = {isa = PBXBuildFile; fileRef = FA31DE4627BB9041009371BE /* TaskViewController.swift */; };
/* End PBXBuildFile section */

/* Begin PBXFileReference section */
		FA31DE2D27BB5AE5009371BE /* secondApp.app */ = {isa = PBXFileReference; explicitFileType = wrapper.application; includeInIndex = 0; path = secondApp.app; sourceTree = BUILT_PRODUCTS_DIR; };
		FA31DE3027BB5AE5009371BE /* AppDelegate.swift */ = {isa = PBXFileReference; lastKnownFileType = sourcecode.swift; path = AppDelegate.swift; sourceTree = "<group>"; };
		FA31DE3227BB5AE5009371BE /* SceneDelegate.swift */ = {isa = PBXFileReference; lastKnownFileType = sourcecode.swift; path = SceneDelegate.swift; sourceTree = "<group>"; };
		FA31DE3427BB5AE5009371BE /* ViewController.swift */ = {isa = PBXFileReference; lastKnownFileType = sourcecode.swift; path = ViewController.swift; sourceTree = "<group>"; };
		FA31DE3727BB5AE5009371BE /* Base */ = {isa = PBXFileReference; lastKnownFileType = file.storyboard; name = Base; path = Base.lproj/Main.storyboard; sourceTree = "<group>"; };
		FA31DE3927BB5AE7009371BE /* Assets.xcassets */ = {isa = PBXFileReference; lastKnownFileType = folder.assetcatalog; path = Assets.xcassets; sourceTree = "<group>"; };
		FA31DE3C27BB5AE7009371BE /* Base */ = {isa = PBXFileReference; lastKnownFileType = file.storyboard; name = Base; path = Base.lproj/LaunchScreen.storyboard; sourceTree = "<group>"; };
		FA31DE3E27BB5AE7009371BE /* Info.plist */ = {isa = PBXFileReference; lastKnownFileType = text.plist.xml; path = Info.plist; sourceTree = "<group>"; };
		FA31DE4427BB8FE9009371BE /* EntryViewController.swift */ = {isa = PBXFileReference; lastKnownFileType = sourcecode.swift; path = EntryViewController.swift; sourceTree = "<group>"; };
		FA31DE4627BB9041009371BE /* TaskViewController.swift */ = {isa = PBXFileReference; lastKnownFileType = sourcecode.swift; path = TaskViewController.swift; sourceTree = "<group>"; };
/* End PBXFileReference section */

/* Begin PBXFrameworksBuildPhase section */
		FA31DE2A27BB5AE5009371BE /* Frameworks */ = {
			isa = PBXFrameworksBuildPhase;
			buildActionMask = 2147483647;
			files = (
			);
			runOnlyForDeploymentPostprocessing = 0;
		};
/* End PBXFrameworksBuildPhase section */

/* Begin PBXGroup section */
		FA31DE2427BB5AE5009371BE = {
			isa = PBXGroup;
			children = (
				FA31DE2F27BB5AE5009371BE /* secondApp */,
				FA31DE2E27BB5AE5009371BE /* Products */,
			);
			sourceTree = "<group>";
		};
		FA31DE2E27BB5AE5009371BE /* Products */ = {
			isa = PBXGroup;
			children = (
				FA31DE2D27BB5AE5009371BE /* secondApp.app */,
			);
			name = Products;
			sourceTree = "<group>";
		};
		FA31DE2F27BB5AE5009371BE /* secondApp */ = {
			isa = PBXGroup;
			children = (
				FA31DE3027BB5AE5009371BE /* AppDelegate.swift */,
				FA31DE3227BB5AE5009371BE /* SceneDelegate.swift */,
				FA31DE3427BB5AE5009371BE /* ViewController.swift */,
				FA31DE3627BB5AE5009371BE /* Main.storyboard */,
				FA31DE3927BB5AE7009371BE /* Assets.xcassets */,
				FA31DE3B27BB5AE7009371BE /* LaunchScreen.storyboard */,
				FA31DE3E27BB5AE7009371BE /* Info.plist */,
				FA31DE4427BB8FE9009371BE /* EntryViewController.swift */,
				FA31DE4627BB9041009371BE /* TaskViewController.swift */,
			);
			path = secondApp;
			sourceTree = "<group>";
		};
/* End PBXGroup section */

/* Begin PBXNativeTarget section */
		FA31DE2C27BB5AE5009371BE /* secondApp */ = {
			isa = PBXNativeTarget;
			buildConfigurationList = FA31DE4127BB5AE7009371BE /* Build configuration list for PBXNativeTarget "secondApp" */;
			buildPhases = (
				FA31DE2927BB5AE5009371BE /* Sources */,
				FA31DE2A27BB5AE5009371BE /* Frameworks */,
				FA31DE2B27BB5AE5009371BE /* Resources */,
			);
			buildRules = (
			);
			dependencies = (
			);
			name = secondApp;
			productName = secondApp;
			productReference = FA31DE2D27BB5AE5009371BE /* secondApp.app */;
			productType = "com.apple.product-type.application";
		};
/* End PBXNativeTarget section */

/* Begin PBXProject section */
		FA31DE2527BB5AE5009371BE /* Project object */ = {
			isa = PBXProject;
			attributes = {
				BuildIndependentTargetsInParallel = 1;
				LastSwiftUpdateCheck = 1320;
				LastUpgradeCheck = 1320;
				TargetAttributes = {
					FA31DE2C27BB5AE5009371BE = {
						CreatedOnToolsVersion = 13.2.1;
					};
				};
			};
			buildConfigurationList = FA31DE2827BB5AE5009371BE /* Build configuration list for PBXProject "secondApp" */;
			compatibilityVersion = "Xcode 13.0";
			developmentRegion = en;
			hasScannedForEncodings = 0;
			knownRegions = (
				en,
				Base,
			);
			mainGroup = FA31DE2427BB5AE5009371BE;
			productRefGroup = FA31DE2E27BB5AE5009371BE /* Products */;
			projectDirPath = "";
			projectRoot = "";
			targets = (
				FA31DE2C27BB5AE5009371BE /* secondApp */,
			);
		};
/* End PBXProject section */

/* Begin PBXResourcesBuildPhase section */
		FA31DE2B27BB5AE5009371BE /* Resources */ = {
			isa = PBXResourcesBuildPhase;
			buildActionMask = 2147483647;
			files = (
				FA31DE3D27BB5AE7009371BE /* LaunchScreen.storyboard in Resources */,
				FA31DE3A27BB5AE7009371BE /* Assets.xcassets in Resources */,
				FA31DE3827BB5AE5009371BE /* Main.storyboard in Resources */,
			);
			runOnlyForDeploymentPostprocessing = 0;
		};
/* End PBXResourcesBuildPhase section */

/* Begin PBXSourcesBuildPhase section */
		FA31DE2927BB5AE5009371BE /* Sources */ = {
			isa = PBXSourcesBuildPhase;
			buildActionMask = 2147483647;
			files = (
				FA31DE3527BB5AE5009371BE /* ViewController.swift in Sources */,
				FA31DE4527BB8FE9009371BE /* EntryViewController.swift in Sources */,
				FA31DE4727BB9041009371BE /* TaskViewController.swift in Sources */,
				FA31DE3127BB5AE5009371BE /* AppDelegate.swift in Sources */,
				FA31DE3327BB5AE5009371BE /* SceneDelegate.swift in Sources */,
			);
			runOnlyForDeploymentPostprocessing = 0;
		};
/* End PBXSourcesBuildPhase section */

/* Begin PBXVariantGroup section */
		FA31DE3627BB5AE5009371BE /* Main.storyboard */ = {
			isa = PBXVariantGroup;
			children = (
				FA31DE3727BB5AE5009371BE /* Base */,
			);
			name = Main.storyboard;
			sourceTree = "<group>";
		};
		FA31DE3B27BB5AE7009371BE /* LaunchScreen.storyboard */ = {
			isa = PBXVariantGroup;
			children = (
				FA31DE3C27BB5AE7009371BE /* Base */,
			);
			name = LaunchScreen.storyboard;
			sourceTree = "<group>";
		};
/* End PBXVariantGroup section */

/* Begin XCBuildConfiguration section */
		FA31DE3F27BB5AE7009371BE /* Debug */ = {
			isa = XCBuildConfiguration;
			buildSettings = {
				ALWAYS_SEARCH_USER_PATHS = NO;
				CLANG_ANALYZER_NONNULL = YES;
				CLANG_ANALYZER_NUMBER_OBJECT_CONVERSION = YES_AGGRESSIVE;
				CLANG_CXX_LANGUAGE_STANDARD = "gnu++17";
				CLANG_CXX_LIBRARY = "libc++";
				CLANG_ENABLE_MODULES = YES;
				CLANG_ENABLE_OBJC_ARC = YES;
				CLANG_ENABLE_OBJC_WEAK = YES;
				CLANG_WARN_BLOCK_CAPTURE_AUTORELEASING = YES;
				CLANG_WARN_BOOL_CONVERSION = YES;
				CLANG_WARN_COMMA = YES;
				CLANG_WARN_CONSTANT_CONVERSION = YES;
				CLANG_WARN_DEPRECATED_OBJC_IMPLEMENTATIONS = YES;
				CLANG_WARN_DIRECT_OBJC_ISA_USAGE = YES_ERROR;
				CLANG_WARN_DOCUMENTATION_COMMENTS = YES;
				CLANG_WARN_EMPTY_BODY = YES;
				CLANG_WARN_ENUM_CONVERSION = YES;
				CLANG_WARN_INFINITE_RECURSION = YES;
				CLANG_WARN_INT_CONVERSION = YES;
				CLANG_WARN_NON_LITERAL_NULL_CONVERSION = YES;
				CLANG_WARN_OBJC_IMPLICIT_RETAIN_SELF = YES;
				CLANG_WARN_OBJC_LITERAL_CONVERSION = YES;
				CLANG_WARN_OBJC_ROOT_CLASS = YES_ERROR;
				CLANG_WARN_QUOTED_INCLUDE_IN_FRAMEWORK_HEADER = YES;
				CLANG_WARN_RANGE_LOOP_ANALYSIS = YES;
				CLANG_WARN_STRICT_PROTOTYPES = YES;
				CLANG_WARN_SUSPICIOUS_MOVE = YES;
				CLANG_WARN_UNGUARDED_AVAILABILITY = YES_AGGRESSIVE;
				CLANG_WARN_UNREACHABLE_CODE = YES;
				CLANG_WARN__DUPLICATE_METHOD_MATCH = YES;
				COPY_PHASE_STRIP = NO;
				DEBUG_INFORMATION_FORMAT = dwarf;
				ENABLE_STRICT_OBJC_MSGSEND = YES;
				ENABLE_TESTABILITY = YES;
				GCC_C_LANGUAGE_STANDARD = gnu11;
				GCC_DYNAMIC_NO_PIC = NO;
				GCC_NO_COMMON_BLOCKS = YES;
				GCC_OPTIMIZATION_LEVEL = 0;
				GCC_PREPROCESSOR_DEFINITIONS = (
					"DEBUG=1",
					"$(inherited)",
				);
				GCC_WARN_64_TO_32_BIT_CONVERSION = YES;
				GCC_WARN_ABOUT_RETURN_TYPE = YES_ERROR;
				GCC_WARN_UNDECLARED_SELECTOR = YES;
				GCC_WARN_UNINITIALIZED_AUTOS = YES_AGGRESSIVE;
				GCC_WARN_UNUSED_FUNCTION = YES;
				GCC_WARN_UNUSED_VARIABLE = YES;
				IPHONEOS_DEPLOYMENT_TARGET = 15.2;
				MTL_ENABLE_DEBUG_INFO = INCLUDE_SOURCE;
				MTL_FAST_MATH = YES;
				ONLY_ACTIVE_ARCH = YES;
				SDKROOT = iphoneos;
				SWIFT_ACTIVE_COMPILATION_CONDITIONS = DEBUG;
				SWIFT_OPTIMIZATION_LEVEL = "-Onone";
			};
			name = Debug;
		};
		FA31DE4027BB5AE7009371BE /* Release */ = {
			isa = XCBuildConfiguration;
			buildSettings = {
				ALWAYS_SEARCH_USER_PATHS = NO;
				CLANG_ANALYZER_NONNULL = YES;
				CLANG_ANALYZER_NUMBER_OBJECT_CONVERSION = YES_AGGRESSIVE;
				CLANG_CXX_LANGUAGE_STANDARD = "gnu++17";
				CLANG_CXX_LIBRARY = "libc++";
				CLANG_ENABLE_MODULES = YES;
				CLANG_ENABLE_OBJC_ARC = YES;
				CLANG_ENABLE_OBJC_WEAK = YES;
				CLANG_WARN_BLOCK_CAPTURE_AUTORELEASING = YES;
				CLANG_WARN_BOOL_CONVERSION = YES;
				CLANG_WARN_COMMA = YES;
				CLANG_WARN_CONSTANT_CONVERSION = YES;
				CLANG_WARN_DEPRECATED_OBJC_IMPLEMENTATIONS = YES;
				CLANG_WARN_DIRECT_OBJC_ISA_USAGE = YES_ERROR;
				CLANG_WARN_DOCUMENTATION_COMMENTS = YES;
				CLANG_WARN_EMPTY_BODY = YES;
				CLANG_WARN_ENUM_CONVERSION = YES;
				CLANG_WARN_INFINITE_RECURSION = YES;
				CLANG_WARN_INT_CONVERSION = YES;
				CLANG_WARN_NON_LITERAL_NULL_CONVERSION = YES;
				CLANG_WARN_OBJC_IMPLICIT_RETAIN_SELF = YES;
				CLANG_WARN_OBJC_LITERAL_CONVERSION = YES;
				CLANG_WARN_OBJC_ROOT_CLASS = YES_ERROR;
				CLANG_WARN_QUOTED_INCLUDE_IN_FRAMEWORK_HEADER = YES;
				CLANG_WARN_RANGE_LOOP_ANALYSIS = YES;
				CLANG_WARN_STRICT_PROTOTYPES = YES;
				CLANG_WARN_SUSPICIOUS_MOVE = YES;
				CLANG_WARN_UNGUARDED_AVAILABILITY = YES_AGGRESSIVE;
				CLANG_WARN_UNREACHABLE_CODE = YES;
				CLANG_WARN__DUPLICATE_METHOD_MATCH = YES;
				COPY_PHASE_STRIP = NO;
				DEBUG_INFORMATION_FORMAT = "dwarf-with-dsym";
				ENABLE_NS_ASSERTIONS = NO;
				ENABLE_STRICT_OBJC_MSGSEND = YES;
				GCC_C_LANGUAGE_STANDARD = gnu11;
				GCC_NO_COMMON_BLOCKS = YES;
				GCC_WARN_64_TO_32_BIT_CONVERSION = YES;
				GCC_WARN_ABOUT_RETURN_TYPE = YES_ERROR;
				GCC_WARN_UNDECLARED_SELECTOR = YES;
				GCC_WARN_UNINITIALIZED_AUTOS = YES_AGGRESSIVE;
				GCC_WARN_UNUSED_FUNCTION = YES;
				GCC_WARN_UNUSED_VARIABLE = YES;
				IPHONEOS_DEPLOYMENT_TARGET = 15.2;
				MTL_ENABLE_DEBUG_INFO = NO;
				MTL_FAST_MATH = YES;
				SDKROOT = iphoneos;
				SWIFT_COMPILATION_MODE = wholemodule;
				SWIFT_OPTIMIZATION_LEVEL = "-O";
				VALIDATE_PRODUCT = YES;
			};
			name = Release;
		};
		FA31DE4227BB5AE7009371BE /* Debug */ = {
			isa = XCBuildConfiguration;
			buildSettings = {
				ASSETCATALOG_COMPILER_APPICON_NAME = AppIcon;
				ASSETCATALOG_COMPILER_GLOBAL_ACCENT_COLOR_NAME = AccentColor;
				CODE_SIGN_STYLE = Automatic;
				CURRENT_PROJECT_VERSION = 1;
				DEVELOPMENT_TEAM = P64F89AH42;
				GENERATE_INFOPLIST_FILE = YES;
				INFOPLIST_FILE = secondApp/Info.plist;
				INFOPLIST_KEY_CFBundleDisplayName = TasksList;
				INFOPLIST_KEY_UIApplicationSupportsIndirectInputEvents = YES;
				INFOPLIST_KEY_UILaunchStoryboardName = LaunchScreen;
				INFOPLIST_KEY_UIMainStoryboardFile = Main;
				INFOPLIST_KEY_UISupportedInterfaceOrientations_iPad = "UIInterfaceOrientationPortrait UIInterfaceOrientationPortraitUpsideDown UIInterfaceOrientationLandscapeLeft UIInterfaceOrientationLandscapeRight";
				INFOPLIST_KEY_UISupportedInterfaceOrientations_iPhone = "UIInterfaceOrientationPortrait UIInterfaceOrientationLandscapeLeft UIInterfaceOrientationLandscapeRight";
				LD_RUNPATH_SEARCH_PATHS = (
					"$(inherited)",
					"@executable_path/Frameworks",
				);
				MARKETING_VERSION = 1.0;
				PRODUCT_BUNDLE_IDENTIFIER = com.codelynks.secondApp;
				PRODUCT_NAME = "$(TARGET_NAME)";
				SWIFT_EMIT_LOC_STRINGS = YES;
				SWIFT_VERSION = 5.0;
				TARGETED_DEVICE_FAMILY = "1,2";
			};
			name = Debug;
		};
		FA31DE4327BB5AE7009371BE /* Release */ = {
			isa = XCBuildConfiguration;
			buildSettings = {
				ASSETCATALOG_COMPILER_APPICON_NAME = AppIcon;
				ASSETCATALOG_COMPILER_GLOBAL_ACCENT_COLOR_NAME = AccentColor;
				CODE_SIGN_STYLE = Automatic;
				CURRENT_PROJECT_VERSION = 1;
				DEVELOPMENT_TEAM = P64F89AH42;
				GENERATE_INFOPLIST_FILE = YES;
				INFOPLIST_FILE = secondApp/Info.plist;
				INFOPLIST_KEY_CFBundleDisplayName = TasksList;
				INFOPLIST_KEY_UIApplicationSupportsIndirectInputEvents = YES;
				INFOPLIST_KEY_UILaunchStoryboardName = LaunchScreen;
				INFOPLIST_KEY_UIMainStoryboardFile = Main;
				INFOPLIST_KEY_UISupportedInterfaceOrientations_iPad = "UIInterfaceOrientationPortrait UIInterfaceOrientationPortraitUpsideDown UIInterfaceOrientationLandscapeLeft UIInterfaceOrientationLandscapeRight";
				INFOPLIST_KEY_UISupportedInterfaceOrientations_iPhone = "UIInterfaceOrientationPortrait UIInterfaceOrientationLandscapeLeft UIInterfaceOrientationLandscapeRight";
				LD_RUNPATH_SEARCH_PATHS = (
					"$(inherited)",
					"@executable_path/Frameworks",
				);
				MARKETING_VERSION = 1.0;
				PRODUCT_BUNDLE_IDENTIFIER = com.codelynks.secondApp;
				PRODUCT_NAME = "$(TARGET_NAME)";
				SWIFT_EMIT_LOC_STRINGS = YES;
				SWIFT_VERSION = 5.0;
				TARGETED_DEVICE_FAMILY = "1,2";
			};
			name = Release;
		};
/* End XCBuildConfiguration section */

/* Begin XCConfigurationList section */
		FA31DE2827BB5AE5009371BE /* Build configuration list for PBXProject "secondApp" */ = {
			isa = XCConfigurationList;
			buildConfigurations = (
				FA31DE3F27BB5AE7009371BE /* Debug */,
				FA31DE4027BB5AE7009371BE /* Release */,
			);
			defaultConfigurationIsVisible = 0;
			defaultConfigurationName = Release;
		};
		FA31DE4127BB5AE7009371BE /* Build configuration list for PBXNativeTarget "secondApp" */ = {
			isa = XCConfigurationList;
			buildConfigurations = (
				FA31DE4227BB5AE7009371BE /* Debug */,
				FA31DE4327BB5AE7009371BE /* Release */,
			);
			defaultConfigurationIsVisible = 0;
			defaultConfigurationName = Release;
		};
/* End XCConfigurationList section */
	};
	rootObject = FA31DE2527BB5AE5009371BE /* Project object */;
}
